{
  "name": "ovApp",
  "lockfileVersion": 3,
  "requires": true,
  "packages": {
    "": {
      "dependencies": {
        "@tanstack/react-query": "^5.85.5"
      }
    },
    "node_modules/@tanstack/query-core": {
      "version": "5.85.5",
      "resolved": "https://registry.npmjs.org/@tanstack/query-core/-/query-core-5.85.5.tgz",
      "integrity": "sha512-KO0WTob4JEApv69iYp1eGvfMSUkgw//IpMnq+//cORBzXf0smyRwPLrUvEe5qtAEGjwZTXrjxg+oJNP/C00t6w==",
      "license": "MIT",
      "funding": {
        "type": "github",
        "url": "https://github.com/sponsors/tannerlinsley"
      }
    },
    "node_modules/@tanstack/react-query": {
      "version": "5.85.5",
      "resolved": "https://registry.npmjs.org/@tanstack/react-query/-/react-query-5.85.5.tgz",
      "integrity": "sha512-/X4EFNcnPiSs8wM2v+b6DqS5mmGeuJQvxBglmDxl6ZQb5V26ouD2SJYAcC3VjbNwqhY2zjxVD15rDA5nGbMn3A==",
      "license": "MIT",
      "dependencies": {
        "@tanstack/query-core": "5.85.5"
      },
      "funding": {
        "type": "github",
        "url": "https://github.com/sponsors/tannerlinsley"
      },
      "peerDependencies": {
        "react": "^18 || ^19"
      }
    },
    "node_modules/react": {
      "version": "19.1.1",
      "resolved": "https://registry.npmjs.org/react/-/react-19.1.1.tgz",
      "integrity": "sha512-w8nqGImo45dmMIfljjMwOGtbmC/mk4CMYhWIicdSflH91J9TyCyczcPFXJzrZ/ZXcgGRFeP6BU0BEJTw6tZdfQ==",
      "license": "MIT",
      "peer": true,
      "engines": {
        "node": ">=0.10.0"
      }
    }
  }
}
